
Microsoft Visual Studio Solution File, Format Version 12.00
# Visual Studio Version 17
VisualStudioVersion = 17.5.33414.496
MinimumVisualStudioVersion = 10.0.40219.1
Project("{FAE04EC0-301F-11D3-BF4B-00C04F79EFBC}") = "SouthPacificSeaUrchins", "SouthPacificSeaUrchins.csproj", "{48FA1E05-602C-41CA-9AEB-3530B053F18A}"
EndProject
Global
	GlobalSection(SolutionConfigurationPlatforms) = preSolution
		Debug|Any CPU = Debug|Any CPU
		Release|Any CPU = Release|Any CPU
	EndGlobalSection
	GlobalSection(ProjectConfigurationPlatforms) = postSolution
		{48FA1E05-602C-41CA-9AEB-3530B053F18A}.Debug|Any CPU.ActiveCfg = Debug|Any CPU
		{48FA1E05-602C-41CA-9AEB-3530B053F18A}.Debug|Any CPU.Build.0 = Debug|Any CPU
		{48FA1E05-602C-41CA-9AEB-3530B053F18A}.Release|Any CPU.ActiveCfg = Release|Any CPU
		{48FA1E05-602C-41CA-9AEB-3530B053F18A}.Release|Any CPU.Build.0 = Release|Any CPU
	EndGlobalSection
	GlobalSection(SolutionProperties) = preSolution
		HideSolutionNode = FALSE
	EndGlobalSection
	GlobalSection(ExtensibilityGlobals) = postSolution
		SolutionGuid = {68A83600-E548-4853-A7C8-0D97A5A85E0F}
	EndGlobalSection
EndGlobal
